// !$*UTF8*$!
{
	archiveVersion = 1;
	classes = {
	};
	objectVersion = 55;
	objects = {

/* Begin PBXBuildFile section */
		6A21A60828B4ABA400E70987 /* MyPageViewController.swift in Sources */ = {isa = PBXBuildFile; fileRef = 6A21A60728B4ABA400E70987 /* MyPageViewController.swift */; };
		6A21A60A28B4AEE600E70987 /* PersonalHealthViewController.swift in Sources */ = {isa = PBXBuildFile; fileRef = 6A21A60928B4AEE600E70987 /* PersonalHealthViewController.swift */; };
		6A21A60C28B4B34200E70987 /* PersonalHealthTableViewCell.swift in Sources */ = {isa = PBXBuildFile; fileRef = 6A21A60B28B4B34200E70987 /* PersonalHealthTableViewCell.swift */; };
		6A21A61028B5058100E70987 /* MilitaryDefenseSafetyViewController.swift in Sources */ = {isa = PBXBuildFile; fileRef = 6A21A60F28B5058100E70987 /* MilitaryDefenseSafetyViewController.swift */; };
		6A21A61228B509CF00E70987 /* ExecutivesDefenseSafetyViewController.swift in Sources */ = {isa = PBXBuildFile; fileRef = 6A21A61128B509CF00E70987 /* ExecutivesDefenseSafetyViewController.swift */; };
		6A21A61428B50B5600E70987 /* SafetyAccidentViewController.swift in Sources */ = {isa = PBXBuildFile; fileRef = 6A21A61328B50B5600E70987 /* SafetyAccidentViewController.swift */; };
		6A21A61628B50C1300E70987 /* SafetyEducationViewController.swift in Sources */ = {isa = PBXBuildFile; fileRef = 6A21A61528B50C1300E70987 /* SafetyEducationViewController.swift */; };
		6A21A61828B50C7300E70987 /* NightOutViewController.swift in Sources */ = {isa = PBXBuildFile; fileRef = 6A21A61728B50C7300E70987 /* NightOutViewController.swift */; };
		6A21A61A28B50CE100E70987 /* VacationSafetyViewController.swift in Sources */ = {isa = PBXBuildFile; fileRef = 6A21A61928B50CE100E70987 /* VacationSafetyViewController.swift */; };
		6A21A61C28B50DEA00E70987 /* DangerousGoodsReportViewController.swift in Sources */ = {isa = PBXBuildFile; fileRef = 6A21A61B28B50DEA00E70987 /* DangerousGoodsReportViewController.swift */; };
		6A2E900128B25C3700ACE7F1 /* InputView.swift in Sources */ = {isa = PBXBuildFile; fileRef = 6A2E900028B25C3700ACE7F1 /* InputView.swift */; };
		6A2E900528B266C400ACE7F1 /* LogInViewController.swift in Sources */ = {isa = PBXBuildFile; fileRef = 6A2E900428B266C400ACE7F1 /* LogInViewController.swift */; };
		6A2E900728B267DD00ACE7F1 /* ChooseRoleViewController.swift in Sources */ = {isa = PBXBuildFile; fileRef = 6A2E900628B267DD00ACE7F1 /* ChooseRoleViewController.swift */; };
		6A2E900B28B271EF00ACE7F1 /* MainViewController.swift in Sources */ = {isa = PBXBuildFile; fileRef = 6A2E900A28B271EF00ACE7F1 /* MainViewController.swift */; };
		6A2E900D28B2764300ACE7F1 /* TodayTraningTableViewCell.swift in Sources */ = {isa = PBXBuildFile; fileRef = 6A2E900C28B2764300ACE7F1 /* TodayTraningTableViewCell.swift */; };
		6A2E900F28B27BA900ACE7F1 /* TraningPlanViewController.swift in Sources */ = {isa = PBXBuildFile; fileRef = 6A2E900E28B27BA900ACE7F1 /* TraningPlanViewController.swift */; };
		6AA801BB28B2528A00D85A78 /* AppDelegate.swift in Sources */ = {isa = PBXBuildFile; fileRef = 6AA801BA28B2528A00D85A78 /* AppDelegate.swift */; };
		6AA801BD28B2528A00D85A78 /* SceneDelegate.swift in Sources */ = {isa = PBXBuildFile; fileRef = 6AA801BC28B2528A00D85A78 /* SceneDelegate.swift */; };
		6AA801BF28B2528A00D85A78 /* SignInViewController.swift in Sources */ = {isa = PBXBuildFile; fileRef = 6AA801BE28B2528A00D85A78 /* SignInViewController.swift */; };
		6AA801C428B2528C00D85A78 /* Assets.xcassets in Resources */ = {isa = PBXBuildFile; fileRef = 6AA801C328B2528C00D85A78 /* Assets.xcassets */; };
		6AA801C728B2528C00D85A78 /* LaunchScreen.storyboard in Resources */ = {isa = PBXBuildFile; fileRef = 6AA801C528B2528C00D85A78 /* LaunchScreen.storyboard */; };
		DA312E1FB8EE4631C37943B4 /* Pods_SAFA.framework in Frameworks */ = {isa = PBXBuildFile; fileRef = 5CCD54972298FC849214C1B6 /* Pods_SAFA.framework */; };
/* End PBXBuildFile section */

/* Begin PBXFileReference section */
		2196C2BCC566FBD34BAAFF94 /* Pods-SAFA.debug.xcconfig */ = {isa = PBXFileReference; includeInIndex = 1; lastKnownFileType = text.xcconfig; name = "Pods-SAFA.debug.xcconfig"; path = "Target Support Files/Pods-SAFA/Pods-SAFA.debug.xcconfig"; sourceTree = "<group>"; };
		5CCD54972298FC849214C1B6 /* Pods_SAFA.framework */ = {isa = PBXFileReference; explicitFileType = wrapper.framework; includeInIndex = 0; path = Pods_SAFA.framework; sourceTree = BUILT_PRODUCTS_DIR; };
		6A21A60728B4ABA400E70987 /* MyPageViewController.swift */ = {isa = PBXFileReference; lastKnownFileType = sourcecode.swift; path = MyPageViewController.swift; sourceTree = "<group>"; };
		6A21A60928B4AEE600E70987 /* PersonalHealthViewController.swift */ = {isa = PBXFileReference; lastKnownFileType = sourcecode.swift; path = PersonalHealthViewController.swift; sourceTree = "<group>"; };
		6A21A60B28B4B34200E70987 /* PersonalHealthTableViewCell.swift */ = {isa = PBXFileReference; lastKnownFileType = sourcecode.swift; path = PersonalHealthTableViewCell.swift; sourceTree = "<group>"; };
		6A21A60F28B5058100E70987 /* MilitaryDefenseSafetyViewController.swift */ = {isa = PBXFileReference; lastKnownFileType = sourcecode.swift; path = MilitaryDefenseSafetyViewController.swift; sourceTree = "<group>"; };
		6A21A61128B509CF00E70987 /* ExecutivesDefenseSafetyViewController.swift */ = {isa = PBXFileReference; lastKnownFileType = sourcecode.swift; path = ExecutivesDefenseSafetyViewController.swift; sourceTree = "<group>"; };
		6A21A61328B50B5600E70987 /* SafetyAccidentViewController.swift */ = {isa = PBXFileReference; lastKnownFileType = sourcecode.swift; path = SafetyAccidentViewController.swift; sourceTree = "<group>"; };
		6A21A61528B50C1300E70987 /* SafetyEducationViewController.swift */ = {isa = PBXFileReference; lastKnownFileType = sourcecode.swift; path = SafetyEducationViewController.swift; sourceTree = "<group>"; };
		6A21A61728B50C7300E70987 /* NightOutViewController.swift */ = {isa = PBXFileReference; lastKnownFileType = sourcecode.swift; path = NightOutViewController.swift; sourceTree = "<group>"; };
		6A21A61928B50CE100E70987 /* VacationSafetyViewController.swift */ = {isa = PBXFileReference; lastKnownFileType = sourcecode.swift; path = VacationSafetyViewController.swift; sourceTree = "<group>"; };
		6A21A61B28B50DEA00E70987 /* DangerousGoodsReportViewController.swift */ = {isa = PBXFileReference; lastKnownFileType = sourcecode.swift; path = DangerousGoodsReportViewController.swift; sourceTree = "<group>"; };
		6A2E900028B25C3700ACE7F1 /* InputView.swift */ = {isa = PBXFileReference; lastKnownFileType = sourcecode.swift; path = InputView.swift; sourceTree = "<group>"; };
		6A2E900428B266C400ACE7F1 /* LogInViewController.swift */ = {isa = PBXFileReference; lastKnownFileType = sourcecode.swift; path = LogInViewController.swift; sourceTree = "<group>"; };
		6A2E900628B267DD00ACE7F1 /* ChooseRoleViewController.swift */ = {isa = PBXFileReference; lastKnownFileType = sourcecode.swift; path = ChooseRoleViewController.swift; sourceTree = "<group>"; };
		6A2E900A28B271EF00ACE7F1 /* MainViewController.swift */ = {isa = PBXFileReference; lastKnownFileType = sourcecode.swift; path = MainViewController.swift; sourceTree = "<group>"; };
		6A2E900C28B2764300ACE7F1 /* TodayTraningTableViewCell.swift */ = {isa = PBXFileReference; lastKnownFileType = sourcecode.swift; path = TodayTraningTableViewCell.swift; sourceTree = "<group>"; };
		6A2E900E28B27BA900ACE7F1 /* TraningPlanViewController.swift */ = {isa = PBXFileReference; lastKnownFileType = sourcecode.swift; path = TraningPlanViewController.swift; sourceTree = "<group>"; };
		6AA801B728B2528A00D85A78 /* SAFA.app */ = {isa = PBXFileReference; explicitFileType = wrapper.application; includeInIndex = 0; path = SAFA.app; sourceTree = BUILT_PRODUCTS_DIR; };
		6AA801BA28B2528A00D85A78 /* AppDelegate.swift */ = {isa = PBXFileReference; lastKnownFileType = sourcecode.swift; path = AppDelegate.swift; sourceTree = "<group>"; };
		6AA801BC28B2528A00D85A78 /* SceneDelegate.swift */ = {isa = PBXFileReference; lastKnownFileType = sourcecode.swift; path = SceneDelegate.swift; sourceTree = "<group>"; };
		6AA801BE28B2528A00D85A78 /* SignInViewController.swift */ = {isa = PBXFileReference; lastKnownFileType = sourcecode.swift; path = SignInViewController.swift; sourceTree = "<group>"; };
		6AA801C328B2528C00D85A78 /* Assets.xcassets */ = {isa = PBXFileReference; lastKnownFileType = folder.assetcatalog; path = Assets.xcassets; sourceTree = "<group>"; };
		6AA801C628B2528C00D85A78 /* Base */ = {isa = PBXFileReference; lastKnownFileType = file.storyboard; name = Base; path = Base.lproj/LaunchScreen.storyboard; sourceTree = "<group>"; };
		6AA801C828B2528C00D85A78 /* Info.plist */ = {isa = PBXFileReference; lastKnownFileType = text.plist.xml; path = Info.plist; sourceTree = "<group>"; };
		B45EB855201CB9BF2D524F52 /* Pods-SAFA.release.xcconfig */ = {isa = PBXFileReference; includeInIndex = 1; lastKnownFileType = text.xcconfig; name = "Pods-SAFA.release.xcconfig"; path = "Target Support Files/Pods-SAFA/Pods-SAFA.release.xcconfig"; sourceTree = "<group>"; };
/* End PBXFileReference section */

/* Begin PBXFrameworksBuildPhase section */
		6AA801B428B2528A00D85A78 /* Frameworks */ = {
			isa = PBXFrameworksBuildPhase;
			buildActionMask = 2147483647;
			files = (
				DA312E1FB8EE4631C37943B4 /* Pods_SAFA.framework in Frameworks */,
			);
			runOnlyForDeploymentPostprocessing = 0;
		};
/* End PBXFrameworksBuildPhase section */

/* Begin PBXGroup section */
		410B2A36C10BA70DF86919BE /* Pods */ = {
			isa = PBXGroup;
			children = (
				2196C2BCC566FBD34BAAFF94 /* Pods-SAFA.debug.xcconfig */,
				B45EB855201CB9BF2D524F52 /* Pods-SAFA.release.xcconfig */,
			);
			path = Pods;
			sourceTree = "<group>";
		};
		6A2E8FFF28B25C2500ACE7F1 /* Views */ = {
			isa = PBXGroup;
			children = (
				6A2E900028B25C3700ACE7F1 /* InputView.swift */,
				6A2E900C28B2764300ACE7F1 /* TodayTraningTableViewCell.swift */,
				6A21A60B28B4B34200E70987 /* PersonalHealthTableViewCell.swift */,
			);
			path = Views;
			sourceTree = "<group>";
		};
		6AA801AE28B2528A00D85A78 = {
			isa = PBXGroup;
			children = (
				6AA801B928B2528A00D85A78 /* SAFA */,
				410B2A36C10BA70DF86919BE /* Pods */,
				9E7C67FAE138929909C6E702 /* Frameworks */,
			);
			sourceTree = "<group>";
		};
		6AA801B828B2528A00D85A78 /* Products */ = {
			isa = PBXGroup;
			children = (
				6AA801B728B2528A00D85A78 /* SAFA.app */,
			);
			name = Products;
			path = ..;
			sourceTree = "<group>";
		};
		6AA801B928B2528A00D85A78 /* SAFA */ = {
			isa = PBXGroup;
			children = (
				6A2E8FFF28B25C2500ACE7F1 /* Views */,
				6AA801BA28B2528A00D85A78 /* AppDelegate.swift */,
				6AA801BC28B2528A00D85A78 /* SceneDelegate.swift */,
				6AA801BE28B2528A00D85A78 /* SignInViewController.swift */,
				6A2E900428B266C400ACE7F1 /* LogInViewController.swift */,
				6A2E900628B267DD00ACE7F1 /* ChooseRoleViewController.swift */,
				6A2E900A28B271EF00ACE7F1 /* MainViewController.swift */,
				6A2E900E28B27BA900ACE7F1 /* TraningPlanViewController.swift */,
				6A21A60728B4ABA400E70987 /* MyPageViewController.swift */,
				6A21A60928B4AEE600E70987 /* PersonalHealthViewController.swift */,
				6A21A60F28B5058100E70987 /* MilitaryDefenseSafetyViewController.swift */,
				6A21A61128B509CF00E70987 /* ExecutivesDefenseSafetyViewController.swift */,
				6A21A61328B50B5600E70987 /* SafetyAccidentViewController.swift */,
				6A21A61528B50C1300E70987 /* SafetyEducationViewController.swift */,
				6A21A61728B50C7300E70987 /* NightOutViewController.swift */,
				6A21A61928B50CE100E70987 /* VacationSafetyViewController.swift */,
				6A21A61B28B50DEA00E70987 /* DangerousGoodsReportViewController.swift */,
				6AA801C328B2528C00D85A78 /* Assets.xcassets */,
				6AA801C528B2528C00D85A78 /* LaunchScreen.storyboard */,
				6AA801C828B2528C00D85A78 /* Info.plist */,
				6AA801B828B2528A00D85A78 /* Products */,
			);
			path = SAFA;
			sourceTree = "<group>";
		};
		9E7C67FAE138929909C6E702 /* Frameworks */ = {
			isa = PBXGroup;
			children = (
				5CCD54972298FC849214C1B6 /* Pods_SAFA.framework */,
			);
			name = Frameworks;
			sourceTree = "<group>";
		};
/* End PBXGroup section */

/* Begin PBXNativeTarget section */
		6AA801B628B2528A00D85A78 /* SAFA */ = {
			isa = PBXNativeTarget;
			buildConfigurationList = 6AA801CB28B2528C00D85A78 /* Build configuration list for PBXNativeTarget "SAFA" */;
			buildPhases = (
				B532FAA1EB871EA56791318F /* [CP] Check Pods Manifest.lock */,
				6AA801B328B2528A00D85A78 /* Sources */,
				6AA801B428B2528A00D85A78 /* Frameworks */,
				6AA801B528B2528A00D85A78 /* Resources */,
				61693A6AAFD4069FD4FFECE5 /* [CP] Embed Pods Frameworks */,
			);
			buildRules = (
			);
			dependencies = (
			);
			name = SAFA;
			productName = SAFA;
			productReference = 6AA801B728B2528A00D85A78 /* SAFA.app */;
			productType = "com.apple.product-type.application";
		};
/* End PBXNativeTarget section */

/* Begin PBXProject section */
		6AA801AF28B2528A00D85A78 /* Project object */ = {
			isa = PBXProject;
			attributes = {
				BuildIndependentTargetsInParallel = 1;
				LastSwiftUpdateCheck = 1340;
				LastUpgradeCheck = 1340;
				TargetAttributes = {
					6AA801B628B2528A00D85A78 = {
						CreatedOnToolsVersion = 13.4.1;
					};
				};
			};
			buildConfigurationList = 6AA801B228B2528A00D85A78 /* Build configuration list for PBXProject "SAFA" */;
			compatibilityVersion = "Xcode 13.0";
			developmentRegion = en;
			hasScannedForEncodings = 0;
			knownRegions = (
				en,
				Base,
			);
			mainGroup = 6AA801AE28B2528A00D85A78;
			productRefGroup = 6AA801B828B2528A00D85A78 /* Products */;
			projectDirPath = "";
			projectRoot = "";
			targets = (
				6AA801B628B2528A00D85A78 /* SAFA */,
			);
		};
/* End PBXProject section */

/* Begin PBXResourcesBuildPhase section */
		6AA801B528B2528A00D85A78 /* Resources */ = {
			isa = PBXResourcesBuildPhase;
			buildActionMask = 2147483647;
			files = (
				6AA801C728B2528C00D85A78 /* LaunchScreen.storyboard in Resources */,
				6AA801C428B2528C00D85A78 /* Assets.xcassets in Resources */,
			);
			runOnlyForDeploymentPostprocessing = 0;
		};
/* End PBXResourcesBuildPhase section */

/* Begin PBXShellScriptBuildPhase section */
		61693A6AAFD4069FD4FFECE5 /* [CP] Embed Pods Frameworks */ = {
			isa = PBXShellScriptBuildPhase;
			buildActionMask = 2147483647;
			files = (
			);
			inputFileListPaths = (
				"${PODS_ROOT}/Target Support Files/Pods-SAFA/Pods-SAFA-frameworks-${CONFIGURATION}-input-files.xcfilelist",
			);
			name = "[CP] Embed Pods Frameworks";
			outputFileListPaths = (
				"${PODS_ROOT}/Target Support Files/Pods-SAFA/Pods-SAFA-frameworks-${CONFIGURATION}-output-files.xcfilelist",
			);
			runOnlyForDeploymentPostprocessing = 0;
			shellPath = /bin/sh;
			shellScript = "\"${PODS_ROOT}/Target Support Files/Pods-SAFA/Pods-SAFA-frameworks.sh\"\n";
			showEnvVarsInLog = 0;
		};
		B532FAA1EB871EA56791318F /* [CP] Check Pods Manifest.lock */ = {
			isa = PBXShellScriptBuildPhase;
			buildActionMask = 2147483647;
			files = (
			);
			inputFileListPaths = (
			);
			inputPaths = (
				"${PODS_PODFILE_DIR_PATH}/Podfile.lock",
				"${PODS_ROOT}/Manifest.lock",
			);
			name = "[CP] Check Pods Manifest.lock";
			outputFileListPaths = (
			);
			outputPaths = (
				"$(DERIVED_FILE_DIR)/Pods-SAFA-checkManifestLockResult.txt",
			);
			runOnlyForDeploymentPostprocessing = 0;
			shellPath = /bin/sh;
			shellScript = "diff \"${PODS_PODFILE_DIR_PATH}/Podfile.lock\" \"${PODS_ROOT}/Manifest.lock\" > /dev/null\nif [ $? != 0 ] ; then\n    # print error to STDERR\n    echo \"error: The sandbox is not in sync with the Podfile.lock. Run 'pod install' or update your CocoaPods installation.\" >&2\n    exit 1\nfi\n# This output is used by Xcode 'outputs' to avoid re-running this script phase.\necho \"SUCCESS\" > \"${SCRIPT_OUTPUT_FILE_0}\"\n";
			showEnvVarsInLog = 0;
		};
/* End PBXShellScriptBuildPhase section */

/* Begin PBXSourcesBuildPhase section */
		6AA801B328B2528A00D85A78 /* Sources */ = {
			isa = PBXSourcesBuildPhase;
			buildActionMask = 2147483647;
			files = (
				6A21A61828B50C7300E70987 /* NightOutViewController.swift in Sources */,
				6A21A61A28B50CE100E70987 /* VacationSafetyViewController.swift in Sources */,
				6A21A61228B509CF00E70987 /* ExecutivesDefenseSafetyViewController.swift in Sources */,
				6A21A61C28B50DEA00E70987 /* DangerousGoodsReportViewController.swift in Sources */,
				6A21A61028B5058100E70987 /* MilitaryDefenseSafetyViewController.swift in Sources */,
				6A2E900F28B27BA900ACE7F1 /* TraningPlanViewController.swift in Sources */,
				6A21A60A28B4AEE600E70987 /* PersonalHealthViewController.swift in Sources */,
				6A2E900B28B271EF00ACE7F1 /* MainViewController.swift in Sources */,
				6A21A60C28B4B34200E70987 /* PersonalHealthTableViewCell.swift in Sources */,
				6A2E900D28B2764300ACE7F1 /* TodayTraningTableViewCell.swift in Sources */,
				6AA801BF28B2528A00D85A78 /* SignInViewController.swift in Sources */,
				6A2E900128B25C3700ACE7F1 /* InputView.swift in Sources */,
				6A21A60828B4ABA400E70987 /* MyPageViewController.swift in Sources */,
				6AA801BB28B2528A00D85A78 /* AppDelegate.swift in Sources */,
				6A2E900728B267DD00ACE7F1 /* ChooseRoleViewController.swift in Sources */,
				6A21A61428B50B5600E70987 /* SafetyAccidentViewController.swift in Sources */,
				6A21A61628B50C1300E70987 /* SafetyEducationViewController.swift in Sources */,
				6A2E900528B266C400ACE7F1 /* LogInViewController.swift in Sources */,
				6AA801BD28B2528A00D85A78 /* SceneDelegate.swift in Sources */,
			);
			runOnlyForDeploymentPostprocessing = 0;
		};
/* End PBXSourcesBuildPhase section */

/* Begin PBXVariantGroup section */
		6AA801C528B2528C00D85A78 /* LaunchScreen.storyboard */ = {
			isa = PBXVariantGroup;
			children = (
				6AA801C628B2528C00D85A78 /* Base */,
			);
			name = LaunchScreen.storyboard;
			sourceTree = "<group>";
		};
/* End PBXVariantGroup section */

/* Begin XCBuildConfiguration section */
		6AA801C928B2528C00D85A78 /* Debug */ = {
			isa = XCBuildConfiguration;
			buildSettings = {
				ALWAYS_SEARCH_USER_PATHS = NO;
				CLANG_ANALYZER_NONNULL = YES;
				CLANG_ANALYZER_NUMBER_OBJECT_CONVERSION = YES_AGGRESSIVE;
				CLANG_CXX_LANGUAGE_STANDARD = "gnu++17";
				CLANG_ENABLE_MODULES = YES;
				CLANG_ENABLE_OBJC_ARC = YES;
				CLANG_ENABLE_OBJC_WEAK = YES;
				CLANG_WARN_BLOCK_CAPTURE_AUTORELEASING = YES;
				CLANG_WARN_BOOL_CONVERSION = YES;
				CLANG_WARN_COMMA = YES;
				CLANG_WARN_CONSTANT_CONVERSION = YES;
				CLANG_WARN_DEPRECATED_OBJC_IMPLEMENTATIONS = YES;
				CLANG_WARN_DIRECT_OBJC_ISA_USAGE = YES_ERROR;
				CLANG_WARN_DOCUMENTATION_COMMENTS = YES;
				CLANG_WARN_EMPTY_BODY = YES;
				CLANG_WARN_ENUM_CONVERSION = YES;
				CLANG_WARN_INFINITE_RECURSION = YES;
				CLANG_WARN_INT_CONVERSION = YES;
				CLANG_WARN_NON_LITERAL_NULL_CONVERSION = YES;
				CLANG_WARN_OBJC_IMPLICIT_RETAIN_SELF = YES;
				CLANG_WARN_OBJC_LITERAL_CONVERSION = YES;
				CLANG_WARN_OBJC_ROOT_CLASS = YES_ERROR;
				CLANG_WARN_QUOTED_INCLUDE_IN_FRAMEWORK_HEADER = YES;
				CLANG_WARN_RANGE_LOOP_ANALYSIS = YES;
				CLANG_WARN_STRICT_PROTOTYPES = YES;
				CLANG_WARN_SUSPICIOUS_MOVE = YES;
				CLANG_WARN_UNGUARDED_AVAILABILITY = YES_AGGRESSIVE;
				CLANG_WARN_UNREACHABLE_CODE = YES;
				CLANG_WARN__DUPLICATE_METHOD_MATCH = YES;
				COPY_PHASE_STRIP = NO;
				DEBUG_INFORMATION_FORMAT = dwarf;
				ENABLE_STRICT_OBJC_MSGSEND = YES;
				ENABLE_TESTABILITY = YES;
				GCC_C_LANGUAGE_STANDARD = gnu11;
				GCC_DYNAMIC_NO_PIC = NO;
				GCC_NO_COMMON_BLOCKS = YES;
				GCC_OPTIMIZATION_LEVEL = 0;
				GCC_PREPROCESSOR_DEFINITIONS = (
					"DEBUG=1",
					"$(inherited)",
				);
				GCC_WARN_64_TO_32_BIT_CONVERSION = YES;
				GCC_WARN_ABOUT_RETURN_TYPE = YES_ERROR;
				GCC_WARN_UNDECLARED_SELECTOR = YES;
				GCC_WARN_UNINITIALIZED_AUTOS = YES_AGGRESSIVE;
				GCC_WARN_UNUSED_FUNCTION = YES;
				GCC_WARN_UNUSED_VARIABLE = YES;
				IPHONEOS_DEPLOYMENT_TARGET = 15.5;
				MTL_ENABLE_DEBUG_INFO = INCLUDE_SOURCE;
				MTL_FAST_MATH = YES;
				ONLY_ACTIVE_ARCH = YES;
				SDKROOT = iphoneos;
				SWIFT_ACTIVE_COMPILATION_CONDITIONS = DEBUG;
				SWIFT_OPTIMIZATION_LEVEL = "-Onone";
			};
			name = Debug;
		};
		6AA801CA28B2528C00D85A78 /* Release */ = {
			isa = XCBuildConfiguration;
			buildSettings = {
				ALWAYS_SEARCH_USER_PATHS = NO;
				CLANG_ANALYZER_NONNULL = YES;
				CLANG_ANALYZER_NUMBER_OBJECT_CONVERSION = YES_AGGRESSIVE;
				CLANG_CXX_LANGUAGE_STANDARD = "gnu++17";
				CLANG_ENABLE_MODULES = YES;
				CLANG_ENABLE_OBJC_ARC = YES;
				CLANG_ENABLE_OBJC_WEAK = YES;
				CLANG_WARN_BLOCK_CAPTURE_AUTORELEASING = YES;
				CLANG_WARN_BOOL_CONVERSION = YES;
				CLANG_WARN_COMMA = YES;
				CLANG_WARN_CONSTANT_CONVERSION = YES;
				CLANG_WARN_DEPRECATED_OBJC_IMPLEMENTATIONS = YES;
				CLANG_WARN_DIRECT_OBJC_ISA_USAGE = YES_ERROR;
				CLANG_WARN_DOCUMENTATION_COMMENTS = YES;
				CLANG_WARN_EMPTY_BODY = YES;
				CLANG_WARN_ENUM_CONVERSION = YES;
				CLANG_WARN_INFINITE_RECURSION = YES;
				CLANG_WARN_INT_CONVERSION = YES;
				CLANG_WARN_NON_LITERAL_NULL_CONVERSION = YES;
				CLANG_WARN_OBJC_IMPLICIT_RETAIN_SELF = YES;
				CLANG_WARN_OBJC_LITERAL_CONVERSION = YES;
				CLANG_WARN_OBJC_ROOT_CLASS = YES_ERROR;
				CLANG_WARN_QUOTED_INCLUDE_IN_FRAMEWORK_HEADER = YES;
				CLANG_WARN_RANGE_LOOP_ANALYSIS = YES;
				CLANG_WARN_STRICT_PROTOTYPES = YES;
				CLANG_WARN_SUSPICIOUS_MOVE = YES;
				CLANG_WARN_UNGUARDED_AVAILABILITY = YES_AGGRESSIVE;
				CLANG_WARN_UNREACHABLE_CODE = YES;
				CLANG_WARN__DUPLICATE_METHOD_MATCH = YES;
				COPY_PHASE_STRIP = NO;
				DEBUG_INFORMATION_FORMAT = "dwarf-with-dsym";
				ENABLE_NS_ASSERTIONS = NO;
				ENABLE_STRICT_OBJC_MSGSEND = YES;
				GCC_C_LANGUAGE_STANDARD = gnu11;
				GCC_NO_COMMON_BLOCKS = YES;
				GCC_WARN_64_TO_32_BIT_CONVERSION = YES;
				GCC_WARN_ABOUT_RETURN_TYPE = YES_ERROR;
				GCC_WARN_UNDECLARED_SELECTOR = YES;
				GCC_WARN_UNINITIALIZED_AUTOS = YES_AGGRESSIVE;
				GCC_WARN_UNUSED_FUNCTION = YES;
				GCC_WARN_UNUSED_VARIABLE = YES;
				IPHONEOS_DEPLOYMENT_TARGET = 15.5;
				MTL_ENABLE_DEBUG_INFO = NO;
				MTL_FAST_MATH = YES;
				SDKROOT = iphoneos;
				SWIFT_COMPILATION_MODE = wholemodule;
				SWIFT_OPTIMIZATION_LEVEL = "-O";
				VALIDATE_PRODUCT = YES;
			};
			name = Release;
		};
		6AA801CC28B2528C00D85A78 /* Debug */ = {
			isa = XCBuildConfiguration;
			baseConfigurationReference = 2196C2BCC566FBD34BAAFF94 /* Pods-SAFA.debug.xcconfig */;
			buildSettings = {
				ASSETCATALOG_COMPILER_APPICON_NAME = AppIcon;
				ASSETCATALOG_COMPILER_GLOBAL_ACCENT_COLOR_NAME = AccentColor;
				CODE_SIGN_STYLE = Automatic;
				CURRENT_PROJECT_VERSION = 1;
				DEVELOPMENT_TEAM = Q25U65UWAP;
				GENERATE_INFOPLIST_FILE = YES;
				INFOPLIST_FILE = SAFA/Info.plist;
				INFOPLIST_KEY_UIApplicationSupportsIndirectInputEvents = YES;
				INFOPLIST_KEY_UILaunchStoryboardName = LaunchScreen;
				INFOPLIST_KEY_UISupportedInterfaceOrientations_iPad = "UIInterfaceOrientationPortrait UIInterfaceOrientationPortraitUpsideDown UIInterfaceOrientationLandscapeLeft UIInterfaceOrientationLandscapeRight";
				INFOPLIST_KEY_UISupportedInterfaceOrientations_iPhone = "UIInterfaceOrientationPortrait UIInterfaceOrientationLandscapeLeft UIInterfaceOrientationLandscapeRight";
				LD_RUNPATH_SEARCH_PATHS = (
					"$(inherited)",
					"@executable_path/Frameworks",
				);
				MARKETING_VERSION = 1.0;
				PRODUCT_BUNDLE_IDENTIFIER = com.app.SAFA;
				PRODUCT_NAME = "$(TARGET_NAME)";
				SWIFT_EMIT_LOC_STRINGS = YES;
				SWIFT_VERSION = 5.0;
				TARGETED_DEVICE_FAMILY = "1,2";
			};
			name = Debug;
		};
		6AA801CD28B2528C00D85A78 /* Release */ = {
			isa = XCBuildConfiguration;
			baseConfigurationReference = B45EB855201CB9BF2D524F52 /* Pods-SAFA.release.xcconfig */;
			buildSettings = {
				ASSETCATALOG_COMPILER_APPICON_NAME = AppIcon;
				ASSETCATALOG_COMPILER_GLOBAL_ACCENT_COLOR_NAME = AccentColor;
				CODE_SIGN_STYLE = Automatic;
				CURRENT_PROJECT_VERSION = 1;
				DEVELOPMENT_TEAM = Q25U65UWAP;
				GENERATE_INFOPLIST_FILE = YES;
				INFOPLIST_FILE = SAFA/Info.plist;
				INFOPLIST_KEY_UIApplicationSupportsIndirectInputEvents = YES;
				INFOPLIST_KEY_UILaunchStoryboardName = LaunchScreen;
				INFOPLIST_KEY_UISupportedInterfaceOrientations_iPad = "UIInterfaceOrientationPortrait UIInterfaceOrientationPortraitUpsideDown UIInterfaceOrientationLandscapeLeft UIInterfaceOrientationLandscapeRight";
				INFOPLIST_KEY_UISupportedInterfaceOrientations_iPhone = "UIInterfaceOrientationPortrait UIInterfaceOrientationLandscapeLeft UIInterfaceOrientationLandscapeRight";
				LD_RUNPATH_SEARCH_PATHS = (
					"$(inherited)",
					"@executable_path/Frameworks",
				);
				MARKETING_VERSION = 1.0;
				PRODUCT_BUNDLE_IDENTIFIER = com.app.SAFA;
				PRODUCT_NAME = "$(TARGET_NAME)";
				SWIFT_EMIT_LOC_STRINGS = YES;
				SWIFT_VERSION = 5.0;
				TARGETED_DEVICE_FAMILY = "1,2";
			};
			name = Release;
		};
/* End XCBuildConfiguration section */

/* Begin XCConfigurationList section */
		6AA801B228B2528A00D85A78 /* Build configuration list for PBXProject "SAFA" */ = {
			isa = XCConfigurationList;
			buildConfigurations = (
				6AA801C928B2528C00D85A78 /* Debug */,
				6AA801CA28B2528C00D85A78 /* Release */,
			);
			defaultConfigurationIsVisible = 0;
			defaultConfigurationName = Release;
		};
		6AA801CB28B2528C00D85A78 /* Build configuration list for PBXNativeTarget "SAFA" */ = {
			isa = XCConfigurationList;
			buildConfigurations = (
				6AA801CC28B2528C00D85A78 /* Debug */,
				6AA801CD28B2528C00D85A78 /* Release */,
			);
			defaultConfigurationIsVisible = 0;
			defaultConfigurationName = Release;
		};
/* End XCConfigurationList section */
	};
	rootObject = 6AA801AF28B2528A00D85A78 /* Project object */;
}
